
Microsoft Visual Studio Solution File, Format Version 12.00
# Visual Studio 15
VisualStudioVersion = 15.0.27428.2037
MinimumVisualStudioVersion = 10.0.40219.1
Project("{FAE04EC0-301F-11D3-BF4B-00C04F79EFBC}") = "SuccessRate", "SuccessRate\SuccessRate.csproj", "{F5890B75-7EF1-4C2F-9503-D6E5C01CC019}"
EndProject
Global
	GlobalSection(SolutionConfigurationPlatforms) = preSolution
		Debug|Any CPU = Debug|Any CPU
		Release|Any CPU = Release|Any CPU
	EndGlobalSection
	GlobalSection(ProjectConfigurationPlatforms) = postSolution
		{F5890B75-7EF1-4C2F-9503-D6E5C01CC019}.Debug|Any CPU.ActiveCfg = Debug|Any CPU
		{F5890B75-7EF1-4C2F-9503-D6E5C01CC019}.Debug|Any CPU.Build.0 = Debug|Any CPU
		{F5890B75-7EF1-4C2F-9503-D6E5C01CC019}.Release|Any CPU.ActiveCfg = Release|Any CPU
		{F5890B75-7EF1-4C2F-9503-D6E5C01CC019}.Release|Any CPU.Build.0 = Release|Any CPU
	EndGlobalSection
	GlobalSection(SolutionProperties) = preSolution
		HideSolutionNode = FALSE
	EndGlobalSection
	GlobalSection(ExtensibilityGlobals) = postSolution
		SolutionGuid = {14FDD5AB-001F-4B62-A837-38AF5A937947}
	EndGlobalSection
EndGlobal
